
Microsoft Visual Studio Solution File, Format Version 12.00
# Visual Studio Version 16
VisualStudioVersion = 16.0.32929.386
MinimumVisualStudioVersion = 10.0.40219.1
Project("{FAE04EC0-301F-11D3-BF4B-00C04F79EFBC}") = "Bai06", "Bai06\Bai06.csproj", "{70372FE9-91B5-46CE-B09D-C11C6DF2748B}"
EndProject
Global
	GlobalSection(SolutionConfigurationPlatforms) = preSolution
		Debug|Any CPU = Debug|Any CPU
		Release|Any CPU = Release|Any CPU
	EndGlobalSection
	GlobalSection(ProjectConfigurationPlatforms) = postSolution
		{70372FE9-91B5-46CE-B09D-C11C6DF2748B}.Debug|Any CPU.ActiveCfg = Debug|Any CPU
		{70372FE9-91B5-46CE-B09D-C11C6DF2748B}.Debug|Any CPU.Build.0 = Debug|Any CPU
		{70372FE9-91B5-46CE-B09D-C11C6DF2748B}.Release|Any CPU.ActiveCfg = Release|Any CPU
		{70372FE9-91B5-46CE-B09D-C11C6DF2748B}.Release|Any CPU.Build.0 = Release|Any CPU
	EndGlobalSection
	GlobalSection(SolutionProperties) = preSolution
		HideSolutionNode = FALSE
	EndGlobalSection
	GlobalSection(ExtensibilityGlobals) = postSolution
		SolutionGuid = {20BA933B-474E-4077-8373-D6609B3243A3}
	EndGlobalSection
EndGlobal
