
Microsoft Visual Studio Solution File, Format Version 12.00
# Visual Studio Version 16
VisualStudioVersion = 16.0.32630.194
MinimumVisualStudioVersion = 10.0.40219.1
Project("{FAE04EC0-301F-11D3-BF4B-00C04F79EFBC}") = "Bai03.2", "Bai03.2\Bai03.2.csproj", "{158A3B82-56A4-4704-BB1C-6A21C065735D}"
EndProject
Global
	GlobalSection(SolutionConfigurationPlatforms) = preSolution
		Debug|Any CPU = Debug|Any CPU
		Release|Any CPU = Release|Any CPU
	EndGlobalSection
	GlobalSection(ProjectConfigurationPlatforms) = postSolution
		{158A3B82-56A4-4704-BB1C-6A21C065735D}.Debug|Any CPU.ActiveCfg = Debug|Any CPU
		{158A3B82-56A4-4704-BB1C-6A21C065735D}.Debug|Any CPU.Build.0 = Debug|Any CPU
		{158A3B82-56A4-4704-BB1C-6A21C065735D}.Release|Any CPU.ActiveCfg = Release|Any CPU
		{158A3B82-56A4-4704-BB1C-6A21C065735D}.Release|Any CPU.Build.0 = Release|Any CPU
	EndGlobalSection
	GlobalSection(SolutionProperties) = preSolution
		HideSolutionNode = FALSE
	EndGlobalSection
	GlobalSection(ExtensibilityGlobals) = postSolution
		SolutionGuid = {3FFE4441-EA82-4868-BDE2-F7B158E382D6}
	EndGlobalSection
EndGlobal
