
Microsoft Visual Studio Solution File, Format Version 12.00
# Visual Studio Version 17
VisualStudioVersion = 17.3.32929.385
MinimumVisualStudioVersion = 10.0.40219.1
Project("{FAE04EC0-301F-11D3-BF4B-00C04F79EFBC}") = "LAB03_BAI01", "LAB03_BAI01.csproj", "{459F7E01-CF3D-480A-B65D-BE7008880083}"
EndProject
Global
	GlobalSection(SolutionConfigurationPlatforms) = preSolution
		Debug|Any CPU = Debug|Any CPU
		Release|Any CPU = Release|Any CPU
	EndGlobalSection
	GlobalSection(ProjectConfigurationPlatforms) = postSolution
		{459F7E01-CF3D-480A-B65D-BE7008880083}.Debug|Any CPU.ActiveCfg = Debug|Any CPU
		{459F7E01-CF3D-480A-B65D-BE7008880083}.Debug|Any CPU.Build.0 = Debug|Any CPU
		{459F7E01-CF3D-480A-B65D-BE7008880083}.Release|Any CPU.ActiveCfg = Release|Any CPU
		{459F7E01-CF3D-480A-B65D-BE7008880083}.Release|Any CPU.Build.0 = Release|Any CPU
	EndGlobalSection
	GlobalSection(SolutionProperties) = preSolution
		HideSolutionNode = FALSE
	EndGlobalSection
	GlobalSection(ExtensibilityGlobals) = postSolution
		SolutionGuid = {75E78A8F-234C-426B-BC9E-CABBDA9EC266}
	EndGlobalSection
EndGlobal
